github.com/go-sql-driver/mysql v1.5.0 h1:ozyZYNQW3x3HtqT1jira07DN2PArx2v7/mN66gGcHOs=
github.com/go-sql-driver/mysql v1.5.0/go.mod h1:DCzpHaOWr8IXmIStZouvnhqoel9Qv2LBy8hT2VhHyBg=
github.com/jonas-p/go-shp v0.1.1 h1:LY81nN67DBCz6VNFn2kS64CjmnDo9IP8rmSkTvhO9jE=
github.com/jonas-p/go-shp v0.1.1/go.mod h1:MRIhyxDQ6VVp0oYeD7yPGr5RSTNScUFKCDsI5DR7PtI=
github.com/tidwall/geoindex v1.4.0 h1:6O8bwdRrNDwLzPSb6AhuyBW27PSa24Pa4I70fnoiBGI=
github.com/tidwall/geoindex v1.4.0/go.mod h1:3gTa91BW+eiVIipuR6aU1Y9Sa0q75b1teE/NP2vfsTc=
github.com/tidwall/geojson v1.1.13 h1:P7f58SrQgyb9k3HjKStRLug4i/0U+1MJ00f/4Z92wcM=
github.com/tidwall/geojson v1.1.13/go.mod h1:tBjfxeALRFLc25LLpjtWzy2nIrNmW1ze1EAhLtd8+QQ=
github.com/tidwall/gjson v1.6.0 h1:9VEQWz6LLMUsUl6PueE49ir4Ka6CzLymOAZDxpFsTDc=
github.com/tidwall/gjson v1.6.0/go.mod h1:P256ACg0Mn+j1RXIDXoss50DeIABTYK1PULOJHhxOls=
github.com/tidwall/match v1.0.1 h1:PnKP62LPNxHKTwvHHZZzdOAOCtsJTjo6dZLCwpKm5xc=
github.com/tidwall/match v1.0.1/go.mod h1:LujAq0jyVjBy028G1WhWfIzbpQfMO8bBZ6Tyb0+pL9E=
github.com/tidwall/pretty v1.0.0/go.mod h1:XNkn88O1ChpSDQmQeStsy+sBenx6DDtFZJxhVysOjyk=
github.com/tidwall/pretty v1.0.1 h1:WE4RBSZ1x6McVVC8S/Md+Qse8YUv6HRObAx6ke00NY8=
github.com/tidwall/pretty v1.0.1/go.mod h1:XNkn88O1ChpSDQmQeStsy+sBenx6DDtFZJxhVysOjyk=
github.com/tidwall/rbang v1.2.1 h1:Nuym/kQCg8mUKEd/caa81NJBlXoNUvzFQt+R8JuL2/I=
github.com/tidwall/rbang v1.2.1/go.mod h1:aMGOM1Wj50tooEO/0aO9j+7gyHUs3bUW0t4Q+xiuOjg=
github.com/tidwall/sjson v1.1.1 h1:7h1vk049Jnd5EH9NyzNiEuwYW4b5qgreBbqRC19AS3U=
github.com/tidwall/sjson v1.1.1/go.mod h1:yvVuSnpEQv5cYIrO+AT6kw4QVfd5SDZoGIS7/5+fZFs=
